
Microsoft Visual Studio Solution File, Format Version 12.00
# Visual Studio Version 16
VisualStudioVersion = 16.0.30611.23
MinimumVisualStudioVersion = 10.0.40219.1
Project("{FAE04EC0-301F-11D3-BF4B-00C04F79EFBC}") = "Client", "Client\Client.csproj", "{6CBDDB03-DDBE-4DDB-8466-1C19DC57D2C3}"
EndProject
Project("{FAE04EC0-301F-11D3-BF4B-00C04F79EFBC}") = "Server", "Server\Server.csproj", "{5B5B4598-DE58-4475-8525-BC6B0618B30D}"
EndProject
Global
	GlobalSection(SolutionConfigurationPlatforms) = preSolution
		Debug|Any CPU = Debug|Any CPU
		Release|Any CPU = Release|Any CPU
	EndGlobalSection
	GlobalSection(ProjectConfigurationPlatforms) = postSolution
		{6CBDDB03-DDBE-4DDB-8466-1C19DC57D2C3}.Debug|Any CPU.ActiveCfg = Debug|Any CPU
		{6CBDDB03-DDBE-4DDB-8466-1C19DC57D2C3}.Debug|Any CPU.Build.0 = Debug|Any CPU
		{6CBDDB03-DDBE-4DDB-8466-1C19DC57D2C3}.Release|Any CPU.ActiveCfg = Release|Any CPU
		{6CBDDB03-DDBE-4DDB-8466-1C19DC57D2C3}.Release|Any CPU.Build.0 = Release|Any CPU
		{5B5B4598-DE58-4475-8525-BC6B0618B30D}.Debug|Any CPU.ActiveCfg = Debug|Any CPU
		{5B5B4598-DE58-4475-8525-BC6B0618B30D}.Debug|Any CPU.Build.0 = Debug|Any CPU
		{5B5B4598-DE58-4475-8525-BC6B0618B30D}.Release|Any CPU.ActiveCfg = Release|Any CPU
		{5B5B4598-DE58-4475-8525-BC6B0618B30D}.Release|Any CPU.Build.0 = Release|Any CPU
	EndGlobalSection
	GlobalSection(SolutionProperties) = preSolution
		HideSolutionNode = FALSE
	EndGlobalSection
	GlobalSection(ExtensibilityGlobals) = postSolution
		SolutionGuid = {BC8FFC59-8FAE-4837-9198-31817679202A}
	EndGlobalSection
EndGlobal
